
Microsoft Visual Studio Solution File, Format Version 12.00
# Visual Studio Version 17
VisualStudioVersion = 17.11.35222.181
MinimumVisualStudioVersion = 10.0.40219.1
Project("{9A19103F-16F7-4668-BE54-9A1E7A4F7556}") = "WindowsJobAPI", "WindowsJobAPI\WindowsJobAPI.csproj", "{D375EB34-C31F-4ECA-A6BC-8D9605AD59E7}"
EndProject
Project("{9A19103F-16F7-4668-BE54-9A1E7A4F7556}") = "UnitTest", "UnitTest\UnitTest.csproj", "{4CDDCA5F-563E-4269-9CE6-E01F169200E4}"
EndProject
Project("{2150E333-8FDC-42A3-9474-1A3956D46DE8}") = "Solution Items", "Solution Items", "{64E348BE-6790-4E2D-ADB9-47E1F69E15EE}"
	ProjectSection(SolutionItems) = preProject
		.editorconfig = .editorconfig
		.gitattributes = .gitattributes
		.gitignore = .gitignore
		common.props = common.props
		LICENSE = LICENSE
		NuGet.Config = NuGet.Config
		README.md = README.md
	EndProjectSection
EndProject
Global
	GlobalSection(SolutionConfigurationPlatforms) = preSolution
		Debug|Any CPU = Debug|Any CPU
		Release|Any CPU = Release|Any CPU
	EndGlobalSection
	GlobalSection(ProjectConfigurationPlatforms) = postSolution
		{D375EB34-C31F-4ECA-A6BC-8D9605AD59E7}.Debug|Any CPU.ActiveCfg = Debug|Any CPU
		{D375EB34-C31F-4ECA-A6BC-8D9605AD59E7}.Debug|Any CPU.Build.0 = Debug|Any CPU
		{D375EB34-C31F-4ECA-A6BC-8D9605AD59E7}.Release|Any CPU.ActiveCfg = Release|Any CPU
		{D375EB34-C31F-4ECA-A6BC-8D9605AD59E7}.Release|Any CPU.Build.0 = Release|Any CPU
		{4CDDCA5F-563E-4269-9CE6-E01F169200E4}.Debug|Any CPU.ActiveCfg = Debug|Any CPU
		{4CDDCA5F-563E-4269-9CE6-E01F169200E4}.Debug|Any CPU.Build.0 = Debug|Any CPU
		{4CDDCA5F-563E-4269-9CE6-E01F169200E4}.Release|Any CPU.ActiveCfg = Release|Any CPU
		{4CDDCA5F-563E-4269-9CE6-E01F169200E4}.Release|Any CPU.Build.0 = Release|Any CPU
	EndGlobalSection
	GlobalSection(SolutionProperties) = preSolution
		HideSolutionNode = FALSE
	EndGlobalSection
	GlobalSection(ExtensibilityGlobals) = postSolution
		SolutionGuid = {7B08220A-BBAE-4CE4-B5E5-24101AFFEEE5}
	EndGlobalSection
EndGlobal
