
Microsoft Visual Studio Solution File, Format Version 12.00
# Visual Studio Version 16
VisualStudioVersion = 16.0.30621.155
MinimumVisualStudioVersion = 10.0.40219.1
Project("{9A19103F-16F7-4668-BE54-9A1E7A4F7556}") = "WindowsJobAPI", "WindowsJobAPI\WindowsJobAPI.csproj", "{D375EB34-C31F-4ECA-A6BC-8D9605AD59E7}"
EndProject
Project("{FAE04EC0-301F-11D3-BF4B-00C04F79EFBC}") = "UnitTest", "UnitTest\UnitTest.csproj", "{4CDDCA5F-563E-4269-9CE6-E01F169200E4}"
EndProject
Global
	GlobalSection(SolutionConfigurationPlatforms) = preSolution
		Debug|Any CPU = Debug|Any CPU
		Release|Any CPU = Release|Any CPU
	EndGlobalSection
	GlobalSection(ProjectConfigurationPlatforms) = postSolution
		{D375EB34-C31F-4ECA-A6BC-8D9605AD59E7}.Debug|Any CPU.ActiveCfg = Debug|Any CPU
		{D375EB34-C31F-4ECA-A6BC-8D9605AD59E7}.Debug|Any CPU.Build.0 = Debug|Any CPU
		{D375EB34-C31F-4ECA-A6BC-8D9605AD59E7}.Release|Any CPU.ActiveCfg = Release|Any CPU
		{D375EB34-C31F-4ECA-A6BC-8D9605AD59E7}.Release|Any CPU.Build.0 = Release|Any CPU
		{4CDDCA5F-563E-4269-9CE6-E01F169200E4}.Debug|Any CPU.ActiveCfg = Debug|Any CPU
		{4CDDCA5F-563E-4269-9CE6-E01F169200E4}.Debug|Any CPU.Build.0 = Debug|Any CPU
		{4CDDCA5F-563E-4269-9CE6-E01F169200E4}.Release|Any CPU.ActiveCfg = Release|Any CPU
		{4CDDCA5F-563E-4269-9CE6-E01F169200E4}.Release|Any CPU.Build.0 = Release|Any CPU
	EndGlobalSection
	GlobalSection(SolutionProperties) = preSolution
		HideSolutionNode = FALSE
	EndGlobalSection
	GlobalSection(ExtensibilityGlobals) = postSolution
		SolutionGuid = {7B08220A-BBAE-4CE4-B5E5-24101AFFEEE5}
	EndGlobalSection
EndGlobal
